<?xml version="1.0" encoding="utf-8"?>
<Project ToolsVersion="4.0" xmlns="http://schemas.microsoft.com/developer/msbuild/2003">
  <ItemGroup>
    <Filter Include="res">
      <UniqueIdentifier>{2058c9d0-5ad3-41aa-9541-3003ac4fe5a8}</UniqueIdentifier>
    </Filter>
    <Filter Include="src">
      <UniqueIdentifier>{27d8eb7e-37c2-46d4-a356-03257ff90cc8}</UniqueIdentifier>
    </Filter>
  </ItemGroup>
  <ItemGroup>
    <ClCompile Include="src\main.cpp">
      <Filter>src</Filter>
    </ClCompile>
  </ItemGroup>
  <ItemGroup>
    <ClInclude Include="src\Shader.h" />
  </ItemGroup>
  <ItemGroup>
    <None Include="res\shaders\core.vert" />
    <None Include="res\shaders\core.frag" />
  </ItemGroup>
</Project>